
Microsoft Visual Studio Solution File, Format Version 12.00
# Visual Studio 2013
VisualStudioVersion = 12.0.31101.0
MinimumVisualStudioVersion = 10.0.40219.1
Project("{FAE04EC0-301F-11D3-BF4B-00C04F79EFBC}") = "Dewricon", "Dewricon\Dewricon.csproj", "{13955672-33E6-4920-BC62-29E9327CD32B}"
EndProject
Project("{FAE04EC0-301F-11D3-BF4B-00C04F79EFBC}") = "DewPlugins", "DewPlugins\DewPlugins.csproj", "{97452CC3-866D-41AB-9CE5-77FF14CDD2AF}"
EndProject
Project("{FAE04EC0-301F-11D3-BF4B-00C04F79EFBC}") = "PingPlugin", "PingPlugin\PingPlugin.csproj", "{F4A3120D-9185-4CEE-A305-BD6A8EE7AC45}"
EndProject
Project("{FAE04EC0-301F-11D3-BF4B-00C04F79EFBC}") = "Messages", "Messages\Messages.csproj", "{ADD221C8-A9A4-4241-B2F2-FB7D46348D0B}"
EndProject
Global
	GlobalSection(SolutionConfigurationPlatforms) = preSolution
		Debug_Ubuntu|Any CPU = Debug_Ubuntu|Any CPU
		Debug|Any CPU = Debug|Any CPU
		Release_Ubuntu|Any CPU = Release_Ubuntu|Any CPU
		Release|Any CPU = Release|Any CPU
	EndGlobalSection
	GlobalSection(ProjectConfigurationPlatforms) = postSolution
		{13955672-33E6-4920-BC62-29E9327CD32B}.Debug_Ubuntu|Any CPU.ActiveCfg = Debug|Any CPU
		{13955672-33E6-4920-BC62-29E9327CD32B}.Debug_Ubuntu|Any CPU.Build.0 = Debug|Any CPU
		{13955672-33E6-4920-BC62-29E9327CD32B}.Debug|Any CPU.ActiveCfg = Debug|Any CPU
		{13955672-33E6-4920-BC62-29E9327CD32B}.Debug|Any CPU.Build.0 = Debug|Any CPU
		{13955672-33E6-4920-BC62-29E9327CD32B}.Release_Ubuntu|Any CPU.ActiveCfg = Release|Any CPU
		{13955672-33E6-4920-BC62-29E9327CD32B}.Release_Ubuntu|Any CPU.Build.0 = Release|Any CPU
		{13955672-33E6-4920-BC62-29E9327CD32B}.Release|Any CPU.ActiveCfg = Release|Any CPU
		{13955672-33E6-4920-BC62-29E9327CD32B}.Release|Any CPU.Build.0 = Release|Any CPU
		{97452CC3-866D-41AB-9CE5-77FF14CDD2AF}.Debug_Ubuntu|Any CPU.ActiveCfg = Debug|Any CPU
		{97452CC3-866D-41AB-9CE5-77FF14CDD2AF}.Debug_Ubuntu|Any CPU.Build.0 = Debug|Any CPU
		{97452CC3-866D-41AB-9CE5-77FF14CDD2AF}.Debug|Any CPU.ActiveCfg = Debug|Any CPU
		{97452CC3-866D-41AB-9CE5-77FF14CDD2AF}.Debug|Any CPU.Build.0 = Debug|Any CPU
		{97452CC3-866D-41AB-9CE5-77FF14CDD2AF}.Release_Ubuntu|Any CPU.ActiveCfg = Release|Any CPU
		{97452CC3-866D-41AB-9CE5-77FF14CDD2AF}.Release_Ubuntu|Any CPU.Build.0 = Release|Any CPU
		{97452CC3-866D-41AB-9CE5-77FF14CDD2AF}.Release|Any CPU.ActiveCfg = Release|Any CPU
		{97452CC3-866D-41AB-9CE5-77FF14CDD2AF}.Release|Any CPU.Build.0 = Release|Any CPU
		{F4A3120D-9185-4CEE-A305-BD6A8EE7AC45}.Debug_Ubuntu|Any CPU.ActiveCfg = Debug|Any CPU
		{F4A3120D-9185-4CEE-A305-BD6A8EE7AC45}.Debug_Ubuntu|Any CPU.Build.0 = Debug|Any CPU
		{F4A3120D-9185-4CEE-A305-BD6A8EE7AC45}.Debug|Any CPU.ActiveCfg = Debug|Any CPU
		{F4A3120D-9185-4CEE-A305-BD6A8EE7AC45}.Debug|Any CPU.Build.0 = Debug|Any CPU
		{F4A3120D-9185-4CEE-A305-BD6A8EE7AC45}.Release_Ubuntu|Any CPU.ActiveCfg = Release|Any CPU
		{F4A3120D-9185-4CEE-A305-BD6A8EE7AC45}.Release_Ubuntu|Any CPU.Build.0 = Release|Any CPU
		{F4A3120D-9185-4CEE-A305-BD6A8EE7AC45}.Release|Any CPU.ActiveCfg = Release|Any CPU
		{F4A3120D-9185-4CEE-A305-BD6A8EE7AC45}.Release|Any CPU.Build.0 = Release|Any CPU
		{ADD221C8-A9A4-4241-B2F2-FB7D46348D0B}.Debug_Ubuntu|Any CPU.ActiveCfg = Debug|Any CPU
		{ADD221C8-A9A4-4241-B2F2-FB7D46348D0B}.Debug_Ubuntu|Any CPU.Build.0 = Debug|Any CPU
		{ADD221C8-A9A4-4241-B2F2-FB7D46348D0B}.Debug|Any CPU.ActiveCfg = Debug|Any CPU
		{ADD221C8-A9A4-4241-B2F2-FB7D46348D0B}.Debug|Any CPU.Build.0 = Debug|Any CPU
		{ADD221C8-A9A4-4241-B2F2-FB7D46348D0B}.Release_Ubuntu|Any CPU.ActiveCfg = Release|Any CPU
		{ADD221C8-A9A4-4241-B2F2-FB7D46348D0B}.Release_Ubuntu|Any CPU.Build.0 = Release|Any CPU
		{ADD221C8-A9A4-4241-B2F2-FB7D46348D0B}.Release|Any CPU.ActiveCfg = Release|Any CPU
		{ADD221C8-A9A4-4241-B2F2-FB7D46348D0B}.Release|Any CPU.Build.0 = Release|Any CPU
	EndGlobalSection
	GlobalSection(SolutionProperties) = preSolution
		HideSolutionNode = FALSE
	EndGlobalSection
EndGlobal
